
Microsoft Visual Studio Solution File, Format Version 12.00
# Visual Studio 15
Project("{FAE04EC0-301F-11D3-BF4B-00C04F79EFBC}") = "Geolink.Android", "Geolink.Android\Geolink.Android.csproj", "{51321329-74C6-4473-BE5D-236D9BD45255}"
EndProject
Project("{FAE04EC0-301F-11D3-BF4B-00C04F79EFBC}") = "Geolink.iOS", "Geolink.iOS\Geolink.iOS.csproj", "{833A6643-163F-4BDA-954F-940C20A48C7C}"
EndProject
Project("{FAE04EC0-301F-11D3-BF4B-00C04F79EFBC}") = "Geolink", "Geolink\Geolink.csproj", "{94D43945-8EC2-48A2-B6D7-A3529DB5B225}"
EndProject
Global
	GlobalSection(SolutionConfigurationPlatforms) = preSolution
		Debug|Any CPU = Debug|Any CPU
		Release|Any CPU = Release|Any CPU
		Debug|iPhoneSimulator = Debug|iPhoneSimulator
		Release|iPhoneSimulator = Release|iPhoneSimulator
		Debug|iPhone = Debug|iPhone
		Release|iPhone = Release|iPhone
	EndGlobalSection
	GlobalSection(ProjectConfigurationPlatforms) = postSolution
		{51321329-74C6-4473-BE5D-236D9BD45255}.Debug|Any CPU.ActiveCfg = Debug|Any CPU
		{51321329-74C6-4473-BE5D-236D9BD45255}.Debug|Any CPU.Build.0 = Debug|Any CPU
		{51321329-74C6-4473-BE5D-236D9BD45255}.Release|Any CPU.ActiveCfg = Release|Any CPU
		{51321329-74C6-4473-BE5D-236D9BD45255}.Release|Any CPU.Build.0 = Release|Any CPU
		{51321329-74C6-4473-BE5D-236D9BD45255}.Debug|iPhoneSimulator.ActiveCfg = Debug|Any CPU
		{51321329-74C6-4473-BE5D-236D9BD45255}.Debug|iPhoneSimulator.Build.0 = Debug|Any CPU
		{51321329-74C6-4473-BE5D-236D9BD45255}.Release|iPhoneSimulator.ActiveCfg = Release|Any CPU
		{51321329-74C6-4473-BE5D-236D9BD45255}.Release|iPhoneSimulator.Build.0 = Release|Any CPU
		{51321329-74C6-4473-BE5D-236D9BD45255}.Debug|iPhone.ActiveCfg = Debug|Any CPU
		{51321329-74C6-4473-BE5D-236D9BD45255}.Debug|iPhone.Build.0 = Debug|Any CPU
		{51321329-74C6-4473-BE5D-236D9BD45255}.Release|iPhone.ActiveCfg = Release|Any CPU
		{51321329-74C6-4473-BE5D-236D9BD45255}.Release|iPhone.Build.0 = Release|Any CPU
		{833A6643-163F-4BDA-954F-940C20A48C7C}.Debug|Any CPU.ActiveCfg = Debug|iPhoneSimulator
		{833A6643-163F-4BDA-954F-940C20A48C7C}.Debug|Any CPU.Build.0 = Debug|iPhoneSimulator
		{833A6643-163F-4BDA-954F-940C20A48C7C}.Release|Any CPU.ActiveCfg = Release|iPhoneSimulator
		{833A6643-163F-4BDA-954F-940C20A48C7C}.Release|Any CPU.Build.0 = Release|iPhoneSimulator
		{833A6643-163F-4BDA-954F-940C20A48C7C}.Debug|iPhoneSimulator.ActiveCfg = Debug|iPhoneSimulator
		{833A6643-163F-4BDA-954F-940C20A48C7C}.Debug|iPhoneSimulator.Build.0 = Debug|iPhoneSimulator
		{833A6643-163F-4BDA-954F-940C20A48C7C}.Release|iPhoneSimulator.ActiveCfg = Release|iPhoneSimulator
		{833A6643-163F-4BDA-954F-940C20A48C7C}.Release|iPhoneSimulator.Build.0 = Release|iPhoneSimulator
		{833A6643-163F-4BDA-954F-940C20A48C7C}.Debug|iPhone.ActiveCfg = Debug|iPhone
		{833A6643-163F-4BDA-954F-940C20A48C7C}.Debug|iPhone.Build.0 = Debug|iPhone
		{833A6643-163F-4BDA-954F-940C20A48C7C}.Release|iPhone.ActiveCfg = Release|iPhone
		{833A6643-163F-4BDA-954F-940C20A48C7C}.Release|iPhone.Build.0 = Release|iPhone
		{94D43945-8EC2-48A2-B6D7-A3529DB5B225}.Debug|Any CPU.ActiveCfg = Debug|Any CPU
		{94D43945-8EC2-48A2-B6D7-A3529DB5B225}.Debug|Any CPU.Build.0 = Debug|Any CPU
		{94D43945-8EC2-48A2-B6D7-A3529DB5B225}.Release|Any CPU.ActiveCfg = Release|Any CPU
		{94D43945-8EC2-48A2-B6D7-A3529DB5B225}.Release|Any CPU.Build.0 = Release|Any CPU
		{94D43945-8EC2-48A2-B6D7-A3529DB5B225}.Debug|iPhoneSimulator.ActiveCfg = Debug|Any CPU
		{94D43945-8EC2-48A2-B6D7-A3529DB5B225}.Debug|iPhoneSimulator.Build.0 = Debug|Any CPU
		{94D43945-8EC2-48A2-B6D7-A3529DB5B225}.Release|iPhoneSimulator.ActiveCfg = Release|Any CPU
		{94D43945-8EC2-48A2-B6D7-A3529DB5B225}.Release|iPhoneSimulator.Build.0 = Release|Any CPU
		{94D43945-8EC2-48A2-B6D7-A3529DB5B225}.Debug|iPhone.ActiveCfg = Debug|Any CPU
		{94D43945-8EC2-48A2-B6D7-A3529DB5B225}.Debug|iPhone.Build.0 = Debug|Any CPU
		{94D43945-8EC2-48A2-B6D7-A3529DB5B225}.Release|iPhone.ActiveCfg = Release|Any CPU
		{94D43945-8EC2-48A2-B6D7-A3529DB5B225}.Release|iPhone.Build.0 = Release|Any CPU
	EndGlobalSection
EndGlobal
